// !$*UTF8*$!
{
	archiveVersion = 1;
	classes = {
	};
	objectVersion = 46;
	objects = {

/* Begin PBXBuildFile section */
		2ECE5A137F6ADE0660D36EAB /* Pods_IndoorLocation.framework in Frameworks */ = {isa = PBXBuildFile; fileRef = 3460003184CBBC145DB92FF5 /* Pods_IndoorLocation.framework */; };
		950769641E8D3F0400233FF8 /* Utilities.swift in Sources */ = {isa = PBXBuildFile; fileRef = 950769631E8D3F0400233FF8 /* Utilities.swift */; };
		9512291B1F750591006F643A /* floorplan.pdf in Resources */ = {isa = PBXBuildFile; fileRef = 9512291A1F750591006F643A /* floorplan.pdf */; };
		953AFC2F1F026C5B00FAD3D8 /* PointView.swift in Sources */ = {isa = PBXBuildFile; fileRef = 953AFC2E1F026C5B00FAD3D8 /* PointView.swift */; };
		953B717C1F263F2F00978648 /* settingsIcon.png in Resources */ = {isa = PBXBuildFile; fileRef = 953B71771F263F2F00978648 /* settingsIcon.png */; };
		954B55F11EF0251C00AE923F /* IndoorMapView.swift in Sources */ = {isa = PBXBuildFile; fileRef = 954B55F01EF0251C00AE923F /* IndoorMapView.swift */; };
		95570C781EDD7E7000F15E30 /* AnchorTableViewCell.swift in Sources */ = {isa = PBXBuildFile; fileRef = 95570C771EDD7E7000F15E30 /* AnchorTableViewCell.swift */; };
		956227CA1E965F2700288A1A /* ParticleFilter.swift in Sources */ = {isa = PBXBuildFile; fileRef = 956227C91E965F2700288A1A /* ParticleFilter.swift */; };
		959540591F04EBFC0095755D /* EllipseView.swift in Sources */ = {isa = PBXBuildFile; fileRef = 959540581F04EBFC0095755D /* EllipseView.swift */; };
		9595405B1F04F3DF0095755D /* TrajectoryView.swift in Sources */ = {isa = PBXBuildFile; fileRef = 9595405A1F04F3DF0095755D /* TrajectoryView.swift */; };
		959FD16D1F1FA6FA00BFC2DE /* SwitchTableViewCell.swift in Sources */ = {isa = PBXBuildFile; fileRef = 959FD16C1F1FA6FA00BFC2DE /* SwitchTableViewCell.swift */; };
		95A19DF71EDC3A81004BC415 /* SettingsTableViewController.swift in Sources */ = {isa = PBXBuildFile; fileRef = 95A19DF61EDC3A81004BC415 /* SettingsTableViewController.swift */; };
		95A19DF91EDC4080004BC415 /* SegmentedControlTableViewCell.swift in Sources */ = {isa = PBXBuildFile; fileRef = 95A19DF81EDC4080004BC415 /* SegmentedControlTableViewCell.swift */; };
		95A19DFB1EDC4889004BC415 /* SliderTableViewCell.swift in Sources */ = {isa = PBXBuildFile; fileRef = 95A19DFA1EDC4889004BC415 /* SliderTableViewCell.swift */; };
		95A19DFF1EDD724C004BC415 /* ButtonTableViewCell.swift in Sources */ = {isa = PBXBuildFile; fileRef = 95A19DFE1EDD724C004BC415 /* ButtonTableViewCell.swift */; };
		95A1F61E1E8BB5C700D2CDD2 /* AppDelegate.swift in Sources */ = {isa = PBXBuildFile; fileRef = 95A1F61D1E8BB5C700D2CDD2 /* AppDelegate.swift */; };
		95A1F6201E8BB5C700D2CDD2 /* MapViewController.swift in Sources */ = {isa = PBXBuildFile; fileRef = 95A1F61F1E8BB5C700D2CDD2 /* MapViewController.swift */; };
		95A1F6251E8BB5C700D2CDD2 /* Assets.xcassets in Resources */ = {isa = PBXBuildFile; fileRef = 95A1F6241E8BB5C700D2CDD2 /* Assets.xcassets */; };
		95A1F6331E8BB5C800D2CDD2 /* IndoorLocationTests.swift in Sources */ = {isa = PBXBuildFile; fileRef = 95A1F6321E8BB5C800D2CDD2 /* IndoorLocationTests.swift */; };
		95A1F63E1E8BB5C800D2CDD2 /* IndoorLocationUITests.swift in Sources */ = {isa = PBXBuildFile; fileRef = 95A1F63D1E8BB5C800D2CDD2 /* IndoorLocationUITests.swift */; };
		95BC59AE1F28A35000519C23 /* VectorView.swift in Sources */ = {isa = PBXBuildFile; fileRef = 95BC59AD1F28A35000519C23 /* VectorView.swift */; };
		95BCE3B41F67D38600F944B4 /* cancelIcon.png in Resources */ = {isa = PBXBuildFile; fileRef = 95BCE3AF1F67D38600F944B4 /* cancelIcon.png */; };
		95BCE3B51F67D38600F944B4 /* startIcon.png in Resources */ = {isa = PBXBuildFile; fileRef = 95BCE3B01F67D38600F944B4 /* startIcon.png */; };
		95BCE3B61F67D38600F944B4 /* stopIcon.png in Resources */ = {isa = PBXBuildFile; fileRef = 95BCE3B11F67D38600F944B4 /* stopIcon.png */; };
		95BCE3BA1F67DB7400F944B4 /* addIcon.png in Resources */ = {isa = PBXBuildFile; fileRef = 95BCE3B81F67DB7400F944B4 /* addIcon.png */; };
		95BCE3BB1F67DB7400F944B4 /* trashIcon.png in Resources */ = {isa = PBXBuildFile; fileRef = 95BCE3B91F67DB7400F944B4 /* trashIcon.png */; };
		95BDB2FD1F1CF14900EF2BC9 /* Particle.swift in Sources */ = {isa = PBXBuildFile; fileRef = 95BDB2FC1F1CF14900EF2BC9 /* Particle.swift */; };
		95C3C1AE1ECC3C5100704437 /* KalmanFilter.swift in Sources */ = {isa = PBXBuildFile; fileRef = 95C3C1AD1ECC3C5100704437 /* KalmanFilter.swift */; };
		95E3DCBB1E9D2F0E006D6C08 /* FilterSettings.swift in Sources */ = {isa = PBXBuildFile; fileRef = 95E3DCBA1E9D2F0E006D6C08 /* FilterSettings.swift */; };
		95E3DCC31EA0E014006D6C08 /* NetworkManager.swift in Sources */ = {isa = PBXBuildFile; fileRef = 95E3DCC21EA0E014006D6C08 /* NetworkManager.swift */; };
		95E3DCC81EA103A5006D6C08 /* IndoorLocationManager.swift in Sources */ = {isa = PBXBuildFile; fileRef = 95E3DCC71EA103A5006D6C08 /* IndoorLocationManager.swift */; };
		95E3DCCA1EA10817006D6C08 /* BayesianFilter.swift in Sources */ = {isa = PBXBuildFile; fileRef = 95E3DCC91EA10817006D6C08 /* BayesianFilter.swift */; };
		95F3C17A1F587765007D9571 /* closeIcon.png in Resources */ = {isa = PBXBuildFile; fileRef = 95F3C1791F587765007D9571 /* closeIcon.png */; };
/* End PBXBuildFile section */

/* Begin PBXContainerItemProxy section */
		95A1F62F1E8BB5C800D2CDD2 /* PBXContainerItemProxy */ = {
			isa = PBXContainerItemProxy;
			containerPortal = 95A1F6121E8BB5C700D2CDD2 /* Project object */;
			proxyType = 1;
			remoteGlobalIDString = 95A1F6191E8BB5C700D2CDD2;
			remoteInfo = IndoorLocation;
		};
		95A1F63A1E8BB5C800D2CDD2 /* PBXContainerItemProxy */ = {
			isa = PBXContainerItemProxy;
			containerPortal = 95A1F6121E8BB5C700D2CDD2 /* Project object */;
			proxyType = 1;
			remoteGlobalIDString = 95A1F6191E8BB5C700D2CDD2;
			remoteInfo = IndoorLocation;
		};
/* End PBXContainerItemProxy section */

/* Begin PBXFileReference section */
		3460003184CBBC145DB92FF5 /* Pods_IndoorLocation.framework */ = {isa = PBXFileReference; explicitFileType = wrapper.framework; includeInIndex = 0; path = Pods_IndoorLocation.framework; sourceTree = BUILT_PRODUCTS_DIR; };
		43D0588909E4EB6D4B2293BA /* Pods-IndoorLocation.debug.xcconfig */ = {isa = PBXFileReference; includeInIndex = 1; lastKnownFileType = text.xcconfig; name = "Pods-IndoorLocation.debug.xcconfig"; path = "Pods/Target Support Files/Pods-IndoorLocation/Pods-IndoorLocation.debug.xcconfig"; sourceTree = "<group>"; };
		950769631E8D3F0400233FF8 /* Utilities.swift */ = {isa = PBXFileReference; fileEncoding = 4; lastKnownFileType = sourcecode.swift; path = Utilities.swift; sourceTree = "<group>"; };
		9512291A1F750591006F643A /* floorplan.pdf */ = {isa = PBXFileReference; lastKnownFileType = image.pdf; path = floorplan.pdf; sourceTree = "<group>"; };
		953AFC2E1F026C5B00FAD3D8 /* PointView.swift */ = {isa = PBXFileReference; fileEncoding = 4; lastKnownFileType = sourcecode.swift; path = PointView.swift; sourceTree = "<group>"; };
		953B71771F263F2F00978648 /* settingsIcon.png */ = {isa = PBXFileReference; lastKnownFileType = image.png; path = settingsIcon.png; sourceTree = "<group>"; };
		954B55F01EF0251C00AE923F /* IndoorMapView.swift */ = {isa = PBXFileReference; fileEncoding = 4; lastKnownFileType = sourcecode.swift; name = IndoorMapView.swift; path = IndoorLocation/Views/IndoorMapView.swift; sourceTree = SOURCE_ROOT; };
		95570C771EDD7E7000F15E30 /* AnchorTableViewCell.swift */ = {isa = PBXFileReference; fileEncoding = 4; lastKnownFileType = sourcecode.swift; name = AnchorTableViewCell.swift; path = Cells/AnchorTableViewCell.swift; sourceTree = "<group>"; };
		956227C91E965F2700288A1A /* ParticleFilter.swift */ = {isa = PBXFileReference; fileEncoding = 4; lastKnownFileType = sourcecode.swift; path = ParticleFilter.swift; sourceTree = "<group>"; };
		959540581F04EBFC0095755D /* EllipseView.swift */ = {isa = PBXFileReference; fileEncoding = 4; lastKnownFileType = sourcecode.swift; path = EllipseView.swift; sourceTree = "<group>"; };
		9595405A1F04F3DF0095755D /* TrajectoryView.swift */ = {isa = PBXFileReference; fileEncoding = 4; lastKnownFileType = sourcecode.swift; path = TrajectoryView.swift; sourceTree = "<group>"; };
		959FD16C1F1FA6FA00BFC2DE /* SwitchTableViewCell.swift */ = {isa = PBXFileReference; fileEncoding = 4; lastKnownFileType = sourcecode.swift; name = SwitchTableViewCell.swift; path = Cells/SwitchTableViewCell.swift; sourceTree = "<group>"; };
		95A19DF61EDC3A81004BC415 /* SettingsTableViewController.swift */ = {isa = PBXFileReference; fileEncoding = 4; lastKnownFileType = sourcecode.swift; name = SettingsTableViewController.swift; path = ViewControllers/SettingsTableViewController.swift; sourceTree = "<group>"; };
		95A19DF81EDC4080004BC415 /* SegmentedControlTableViewCell.swift */ = {isa = PBXFileReference; fileEncoding = 4; lastKnownFileType = sourcecode.swift; name = SegmentedControlTableViewCell.swift; path = Cells/SegmentedControlTableViewCell.swift; sourceTree = "<group>"; };
		95A19DFA1EDC4889004BC415 /* SliderTableViewCell.swift */ = {isa = PBXFileReference; fileEncoding = 4; lastKnownFileType = sourcecode.swift; name = SliderTableViewCell.swift; path = Cells/SliderTableViewCell.swift; sourceTree = "<group>"; };
		95A19DFE1EDD724C004BC415 /* ButtonTableViewCell.swift */ = {isa = PBXFileReference; fileEncoding = 4; lastKnownFileType = sourcecode.swift; name = ButtonTableViewCell.swift; path = Cells/ButtonTableViewCell.swift; sourceTree = "<group>"; };
		95A1F61A1E8BB5C700D2CDD2 /* IndoorLocation.app */ = {isa = PBXFileReference; explicitFileType = wrapper.application; includeInIndex = 0; path = IndoorLocation.app; sourceTree = BUILT_PRODUCTS_DIR; };
		95A1F61D1E8BB5C700D2CDD2 /* AppDelegate.swift */ = {isa = PBXFileReference; lastKnownFileType = sourcecode.swift; path = AppDelegate.swift; sourceTree = "<group>"; };
		95A1F61F1E8BB5C700D2CDD2 /* MapViewController.swift */ = {isa = PBXFileReference; lastKnownFileType = sourcecode.swift; name = MapViewController.swift; path = ViewControllers/MapViewController.swift; sourceTree = "<group>"; };
		95A1F6241E8BB5C700D2CDD2 /* Assets.xcassets */ = {isa = PBXFileReference; lastKnownFileType = folder.assetcatalog; path = Assets.xcassets; sourceTree = "<group>"; };
		95A1F6291E8BB5C700D2CDD2 /* Info.plist */ = {isa = PBXFileReference; lastKnownFileType = text.plist.xml; path = Info.plist; sourceTree = "<group>"; };
		95A1F62E1E8BB5C800D2CDD2 /* IndoorLocationTests.xctest */ = {isa = PBXFileReference; explicitFileType = wrapper.cfbundle; includeInIndex = 0; path = IndoorLocationTests.xctest; sourceTree = BUILT_PRODUCTS_DIR; };
		95A1F6321E8BB5C800D2CDD2 /* IndoorLocationTests.swift */ = {isa = PBXFileReference; lastKnownFileType = sourcecode.swift; path = IndoorLocationTests.swift; sourceTree = "<group>"; };
		95A1F6341E8BB5C800D2CDD2 /* Info.plist */ = {isa = PBXFileReference; lastKnownFileType = text.plist.xml; path = Info.plist; sourceTree = "<group>"; };
		95A1F6391E8BB5C800D2CDD2 /* IndoorLocationUITests.xctest */ = {isa = PBXFileReference; explicitFileType = wrapper.cfbundle; includeInIndex = 0; path = IndoorLocationUITests.xctest; sourceTree = BUILT_PRODUCTS_DIR; };
		95A1F63D1E8BB5C800D2CDD2 /* IndoorLocationUITests.swift */ = {isa = PBXFileReference; lastKnownFileType = sourcecode.swift; path = IndoorLocationUITests.swift; sourceTree = "<group>"; };
		95A1F63F1E8BB5C800D2CDD2 /* Info.plist */ = {isa = PBXFileReference; lastKnownFileType = text.plist.xml; path = Info.plist; sourceTree = "<group>"; };
		95BC59AD1F28A35000519C23 /* VectorView.swift */ = {isa = PBXFileReference; fileEncoding = 4; lastKnownFileType = sourcecode.swift; path = VectorView.swift; sourceTree = "<group>"; };
		95BCE3AF1F67D38600F944B4 /* cancelIcon.png */ = {isa = PBXFileReference; lastKnownFileType = image.png; path = cancelIcon.png; sourceTree = "<group>"; };
		95BCE3B01F67D38600F944B4 /* startIcon.png */ = {isa = PBXFileReference; lastKnownFileType = image.png; path = startIcon.png; sourceTree = "<group>"; };
		95BCE3B11F67D38600F944B4 /* stopIcon.png */ = {isa = PBXFileReference; lastKnownFileType = image.png; path = stopIcon.png; sourceTree = "<group>"; };
		95BCE3B81F67DB7400F944B4 /* addIcon.png */ = {isa = PBXFileReference; lastKnownFileType = image.png; path = addIcon.png; sourceTree = "<group>"; };
		95BCE3B91F67DB7400F944B4 /* trashIcon.png */ = {isa = PBXFileReference; lastKnownFileType = image.png; path = trashIcon.png; sourceTree = "<group>"; };
		95BDB2FC1F1CF14900EF2BC9 /* Particle.swift */ = {isa = PBXFileReference; fileEncoding = 4; lastKnownFileType = sourcecode.swift; path = Particle.swift; sourceTree = "<group>"; };
		95C3C1AD1ECC3C5100704437 /* KalmanFilter.swift */ = {isa = PBXFileReference; fileEncoding = 4; lastKnownFileType = sourcecode.swift; path = KalmanFilter.swift; sourceTree = "<group>"; };
		95E3DCBA1E9D2F0E006D6C08 /* FilterSettings.swift */ = {isa = PBXFileReference; fileEncoding = 4; lastKnownFileType = sourcecode.swift; path = FilterSettings.swift; sourceTree = "<group>"; };
		95E3DCC21EA0E014006D6C08 /* NetworkManager.swift */ = {isa = PBXFileReference; fileEncoding = 4; lastKnownFileType = sourcecode.swift; path = NetworkManager.swift; sourceTree = "<group>"; };
		95E3DCC71EA103A5006D6C08 /* IndoorLocationManager.swift */ = {isa = PBXFileReference; fileEncoding = 4; lastKnownFileType = sourcecode.swift; path = IndoorLocationManager.swift; sourceTree = "<group>"; };
		95E3DCC91EA10817006D6C08 /* BayesianFilter.swift */ = {isa = PBXFileReference; fileEncoding = 4; lastKnownFileType = sourcecode.swift; path = BayesianFilter.swift; sourceTree = "<group>"; };
		95F3C1791F587765007D9571 /* closeIcon.png */ = {isa = PBXFileReference; lastKnownFileType = image.png; path = closeIcon.png; sourceTree = "<group>"; };
		B931549E1B39047972B00CF5 /* Pods-IndoorLocation.release.xcconfig */ = {isa = PBXFileReference; includeInIndex = 1; lastKnownFileType = text.xcconfig; name = "Pods-IndoorLocation.release.xcconfig"; path = "Pods/Target Support Files/Pods-IndoorLocation/Pods-IndoorLocation.release.xcconfig"; sourceTree = "<group>"; };
/* End PBXFileReference section */

/* Begin PBXFrameworksBuildPhase section */
		95A1F6171E8BB5C700D2CDD2 /* Frameworks */ = {
			isa = PBXFrameworksBuildPhase;
			buildActionMask = 2147483647;
			files = (
				2ECE5A137F6ADE0660D36EAB /* Pods_IndoorLocation.framework in Frameworks */,
			);
			runOnlyForDeploymentPostprocessing = 0;
		};
		95A1F62B1E8BB5C800D2CDD2 /* Frameworks */ = {
			isa = PBXFrameworksBuildPhase;
			buildActionMask = 2147483647;
			files = (
			);
			runOnlyForDeploymentPostprocessing = 0;
		};
		95A1F6361E8BB5C800D2CDD2 /* Frameworks */ = {
			isa = PBXFrameworksBuildPhase;
			buildActionMask = 2147483647;
			files = (
			);
			runOnlyForDeploymentPostprocessing = 0;
		};
/* End PBXFrameworksBuildPhase section */

/* Begin PBXGroup section */
		1604D1A2C9FB59422520D905 /* Frameworks */ = {
			isa = PBXGroup;
			children = (
				3460003184CBBC145DB92FF5 /* Pods_IndoorLocation.framework */,
			);
			name = Frameworks;
			sourceTree = "<group>";
		};
		959C84D61E97BCAA00EB4AA4 /* Images */ = {
			isa = PBXGroup;
			children = (
				95BCE3B81F67DB7400F944B4 /* addIcon.png */,
				95BCE3AF1F67D38600F944B4 /* cancelIcon.png */,
				95F3C1791F587765007D9571 /* closeIcon.png */,
				953B71771F263F2F00978648 /* settingsIcon.png */,
				95BCE3B01F67D38600F944B4 /* startIcon.png */,
				95BCE3B11F67D38600F944B4 /* stopIcon.png */,
				95BCE3B91F67DB7400F944B4 /* trashIcon.png */,
			);
			path = Images;
			sourceTree = "<group>";
		};
		959C84D71E97BCC700EB4AA4 /* Views */ = {
			isa = PBXGroup;
			children = (
				95A19DFC1EDD6B9B004BC415 /* Cells */,
				95BC59AF1F28AA4500519C23 /* IndoorMapView */,
				95A19DFD1EDD6BAF004BC415 /* ViewControllers */,
			);
			path = Views;
			sourceTree = "<group>";
		};
		95A19DFC1EDD6B9B004BC415 /* Cells */ = {
			isa = PBXGroup;
			children = (
				95570C771EDD7E7000F15E30 /* AnchorTableViewCell.swift */,
				95A19DFE1EDD724C004BC415 /* ButtonTableViewCell.swift */,
				95A19DF81EDC4080004BC415 /* SegmentedControlTableViewCell.swift */,
				95A19DFA1EDC4889004BC415 /* SliderTableViewCell.swift */,
				959FD16C1F1FA6FA00BFC2DE /* SwitchTableViewCell.swift */,
			);
			name = Cells;
			sourceTree = "<group>";
		};
		95A19DFD1EDD6BAF004BC415 /* ViewControllers */ = {
			isa = PBXGroup;
			children = (
				95A1F61F1E8BB5C700D2CDD2 /* MapViewController.swift */,
				95A19DF61EDC3A81004BC415 /* SettingsTableViewController.swift */,
			);
			name = ViewControllers;
			sourceTree = "<group>";
		};
		95A1F6111E8BB5C700D2CDD2 = {
			isa = PBXGroup;
			children = (
				95A1F61C1E8BB5C700D2CDD2 /* IndoorLocation */,
				95A1F6311E8BB5C800D2CDD2 /* IndoorLocationTests */,
				95A1F63C1E8BB5C800D2CDD2 /* IndoorLocationUITests */,
				95A1F61B1E8BB5C700D2CDD2 /* Products */,
				978AD66E61D22DCDC37841B6 /* Pods */,
				1604D1A2C9FB59422520D905 /* Frameworks */,
			);
			sourceTree = "<group>";
		};
		95A1F61B1E8BB5C700D2CDD2 /* Products */ = {
			isa = PBXGroup;
			children = (
				95A1F61A1E8BB5C700D2CDD2 /* IndoorLocation.app */,
				95A1F62E1E8BB5C800D2CDD2 /* IndoorLocationTests.xctest */,
				95A1F6391E8BB5C800D2CDD2 /* IndoorLocationUITests.xctest */,
			);
			name = Products;
			sourceTree = "<group>";
		};
		95A1F61C1E8BB5C700D2CDD2 /* IndoorLocation */ = {
			isa = PBXGroup;
			children = (
				95A1F61D1E8BB5C700D2CDD2 /* AppDelegate.swift */,
				95A1F6241E8BB5C700D2CDD2 /* Assets.xcassets */,
				95E3DCCB1EA22244006D6C08 /* IndoorLocation */,
				95E3DCC61EA10315006D6C08 /* Network */,
				95AEABB91EBC796F005249FC /* Supporting Files */,
				959C84D71E97BCC700EB4AA4 /* Views */,
			);
			path = IndoorLocation;
			sourceTree = "<group>";
		};
		95A1F6311E8BB5C800D2CDD2 /* IndoorLocationTests */ = {
			isa = PBXGroup;
			children = (
				95A1F6321E8BB5C800D2CDD2 /* IndoorLocationTests.swift */,
				95A1F6341E8BB5C800D2CDD2 /* Info.plist */,
			);
			path = IndoorLocationTests;
			sourceTree = "<group>";
		};
		95A1F63C1E8BB5C800D2CDD2 /* IndoorLocationUITests */ = {
			isa = PBXGroup;
			children = (
				95A1F63D1E8BB5C800D2CDD2 /* IndoorLocationUITests.swift */,
				95A1F63F1E8BB5C800D2CDD2 /* Info.plist */,
			);
			path = IndoorLocationUITests;
			sourceTree = "<group>";
		};
		95AEABB91EBC796F005249FC /* Supporting Files */ = {
			isa = PBXGroup;
			children = (
				9512291A1F750591006F643A /* floorplan.pdf */,
				959C84D61E97BCAA00EB4AA4 /* Images */,
				95A1F6291E8BB5C700D2CDD2 /* Info.plist */,
				950769631E8D3F0400233FF8 /* Utilities.swift */,
			);
			path = "Supporting Files";
			sourceTree = "<group>";
		};
		95BC59AF1F28AA4500519C23 /* IndoorMapView */ = {
			isa = PBXGroup;
			children = (
				959540581F04EBFC0095755D /* EllipseView.swift */,
				954B55F01EF0251C00AE923F /* IndoorMapView.swift */,
				953AFC2E1F026C5B00FAD3D8 /* PointView.swift */,
				9595405A1F04F3DF0095755D /* TrajectoryView.swift */,
				95BC59AD1F28A35000519C23 /* VectorView.swift */,
			);
			name = IndoorMapView;
			sourceTree = "<group>";
		};
		95E3DCC61EA10315006D6C08 /* Network */ = {
			isa = PBXGroup;
			children = (
				95E3DCC21EA0E014006D6C08 /* NetworkManager.swift */,
			);
			path = Network;
			sourceTree = "<group>";
		};
		95E3DCCB1EA22244006D6C08 /* IndoorLocation */ = {
			isa = PBXGroup;
			children = (
				95E3DCC91EA10817006D6C08 /* BayesianFilter.swift */,
				95E3DCBA1E9D2F0E006D6C08 /* FilterSettings.swift */,
				95E3DCC71EA103A5006D6C08 /* IndoorLocationManager.swift */,
				95C3C1AD1ECC3C5100704437 /* KalmanFilter.swift */,
				956227C91E965F2700288A1A /* ParticleFilter.swift */,
				95BDB2FC1F1CF14900EF2BC9 /* Particle.swift */,
			);
			path = IndoorLocation;
			sourceTree = "<group>";
		};
		978AD66E61D22DCDC37841B6 /* Pods */ = {
			isa = PBXGroup;
			children = (
				43D0588909E4EB6D4B2293BA /* Pods-IndoorLocation.debug.xcconfig */,
				B931549E1B39047972B00CF5 /* Pods-IndoorLocation.release.xcconfig */,
			);
			name = Pods;
			sourceTree = "<group>";
		};
/* End PBXGroup section */

/* Begin PBXNativeTarget section */
		95A1F6191E8BB5C700D2CDD2 /* IndoorLocation */ = {
			isa = PBXNativeTarget;
			buildConfigurationList = 95A1F6421E8BB5C800D2CDD2 /* Build configuration list for PBXNativeTarget "IndoorLocation" */;
			buildPhases = (
				06E4C3CCC4C51268CD47742A /* [CP] Check Pods Manifest.lock */,
				95A1F6161E8BB5C700D2CDD2 /* Sources */,
				95A1F6171E8BB5C700D2CDD2 /* Frameworks */,
				95A1F6181E8BB5C700D2CDD2 /* Resources */,
				48702ECBBB657E3C0EBF94B1 /* [CP] Embed Pods Frameworks */,
				3438C6CA0D73F73AB677855E /* [CP] Copy Pods Resources */,
			);
			buildRules = (
			);
			dependencies = (
			);
			name = IndoorLocation;
			productName = IndoorLocation;
			productReference = 95A1F61A1E8BB5C700D2CDD2 /* IndoorLocation.app */;
			productType = "com.apple.product-type.application";
		};
		95A1F62D1E8BB5C800D2CDD2 /* IndoorLocationTests */ = {
			isa = PBXNativeTarget;
			buildConfigurationList = 95A1F6451E8BB5C800D2CDD2 /* Build configuration list for PBXNativeTarget "IndoorLocationTests" */;
			buildPhases = (
				95A1F62A1E8BB5C800D2CDD2 /* Sources */,
				95A1F62B1E8BB5C800D2CDD2 /* Frameworks */,
				95A1F62C1E8BB5C800D2CDD2 /* Resources */,
			);
			buildRules = (
			);
			dependencies = (
				95A1F6301E8BB5C800D2CDD2 /* PBXTargetDependency */,
			);
			name = IndoorLocationTests;
			productName = IndoorLocationTests;
			productReference = 95A1F62E1E8BB5C800D2CDD2 /* IndoorLocationTests.xctest */;
			productType = "com.apple.product-type.bundle.unit-test";
		};
		95A1F6381E8BB5C800D2CDD2 /* IndoorLocationUITests */ = {
			isa = PBXNativeTarget;
			buildConfigurationList = 95A1F6481E8BB5C800D2CDD2 /* Build configuration list for PBXNativeTarget "IndoorLocationUITests" */;
			buildPhases = (
				95A1F6351E8BB5C800D2CDD2 /* Sources */,
				95A1F6361E8BB5C800D2CDD2 /* Frameworks */,
				95A1F6371E8BB5C800D2CDD2 /* Resources */,
			);
			buildRules = (
			);
			dependencies = (
				95A1F63B1E8BB5C800D2CDD2 /* PBXTargetDependency */,
			);
			name = IndoorLocationUITests;
			productName = IndoorLocationUITests;
			productReference = 95A1F6391E8BB5C800D2CDD2 /* IndoorLocationUITests.xctest */;
			productType = "com.apple.product-type.bundle.ui-testing";
		};
/* End PBXNativeTarget section */

/* Begin PBXProject section */
		95A1F6121E8BB5C700D2CDD2 /* Project object */ = {
			isa = PBXProject;
			attributes = {
				LastSwiftUpdateCheck = 0820;
				LastUpgradeCheck = 0900;
				ORGANIZATIONNAME = Hirschgaenger;
				TargetAttributes = {
					95A1F6191E8BB5C700D2CDD2 = {
						CreatedOnToolsVersion = 8.2.1;
						DevelopmentTeam = 4HG5879524;
						LastSwiftMigration = 0900;
						ProvisioningStyle = Automatic;
					};
					95A1F62D1E8BB5C800D2CDD2 = {
						CreatedOnToolsVersion = 8.2.1;
						LastSwiftMigration = 0900;
						ProvisioningStyle = Automatic;
						TestTargetID = 95A1F6191E8BB5C700D2CDD2;
					};
					95A1F6381E8BB5C800D2CDD2 = {
						CreatedOnToolsVersion = 8.2.1;
						LastSwiftMigration = 0900;
						ProvisioningStyle = Automatic;
						TestTargetID = 95A1F6191E8BB5C700D2CDD2;
					};
				};
			};
			buildConfigurationList = 95A1F6151E8BB5C700D2CDD2 /* Build configuration list for PBXProject "IndoorLocation" */;
			compatibilityVersion = "Xcode 3.2";
			developmentRegion = English;
			hasScannedForEncodings = 0;
			knownRegions = (
				en,
				Base,
			);
			mainGroup = 95A1F6111E8BB5C700D2CDD2;
			productRefGroup = 95A1F61B1E8BB5C700D2CDD2 /* Products */;
			projectDirPath = "";
			projectRoot = "";
			targets = (
				95A1F6191E8BB5C700D2CDD2 /* IndoorLocation */,
				95A1F62D1E8BB5C800D2CDD2 /* IndoorLocationTests */,
				95A1F6381E8BB5C800D2CDD2 /* IndoorLocationUITests */,
			);
		};
/* End PBXProject section */

/* Begin PBXResourcesBuildPhase section */
		95A1F6181E8BB5C700D2CDD2 /* Resources */ = {
			isa = PBXResourcesBuildPhase;
			buildActionMask = 2147483647;
			files = (
				95BCE3BA1F67DB7400F944B4 /* addIcon.png in Resources */,
				95A1F6251E8BB5C700D2CDD2 /* Assets.xcassets in Resources */,
				95F3C17A1F587765007D9571 /* closeIcon.png in Resources */,
				9512291B1F750591006F643A /* floorplan.pdf in Resources */,
				95BCE3B41F67D38600F944B4 /* cancelIcon.png in Resources */,
				95BCE3BB1F67DB7400F944B4 /* trashIcon.png in Resources */,
				953B717C1F263F2F00978648 /* settingsIcon.png in Resources */,
				95BCE3B51F67D38600F944B4 /* startIcon.png in Resources */,
				95BCE3B61F67D38600F944B4 /* stopIcon.png in Resources */,
			);
			runOnlyForDeploymentPostprocessing = 0;
		};
		95A1F62C1E8BB5C800D2CDD2 /* Resources */ = {
			isa = PBXResourcesBuildPhase;
			buildActionMask = 2147483647;
			files = (
			);
			runOnlyForDeploymentPostprocessing = 0;
		};
		95A1F6371E8BB5C800D2CDD2 /* Resources */ = {
			isa = PBXResourcesBuildPhase;
			buildActionMask = 2147483647;
			files = (
			);
			runOnlyForDeploymentPostprocessing = 0;
		};
/* End PBXResourcesBuildPhase section */

/* Begin PBXShellScriptBuildPhase section */
		06E4C3CCC4C51268CD47742A /* [CP] Check Pods Manifest.lock */ = {
			isa = PBXShellScriptBuildPhase;
			buildActionMask = 2147483647;
			files = (
			);
			inputPaths = (
				"${PODS_PODFILE_DIR_PATH}/Podfile.lock",
				"${PODS_ROOT}/Manifest.lock",
			);
			name = "[CP] Check Pods Manifest.lock";
			outputPaths = (
				"$(DERIVED_FILE_DIR)/Pods-IndoorLocation-checkManifestLockResult.txt",
			);
			runOnlyForDeploymentPostprocessing = 0;
			shellPath = /bin/sh;
			shellScript = "diff \"${PODS_PODFILE_DIR_PATH}/Podfile.lock\" \"${PODS_ROOT}/Manifest.lock\" > /dev/null\nif [ $? != 0 ] ; then\n    # print error to STDERR\n    echo \"error: The sandbox is not in sync with the Podfile.lock. Run 'pod install' or update your CocoaPods installation.\" >&2\n    exit 1\nfi\n# This output is used by Xcode 'outputs' to avoid re-running this script phase.\necho \"SUCCESS\" > \"${SCRIPT_OUTPUT_FILE_0}\"\n";
			showEnvVarsInLog = 0;
		};
		3438C6CA0D73F73AB677855E /* [CP] Copy Pods Resources */ = {
			isa = PBXShellScriptBuildPhase;
			buildActionMask = 2147483647;
			files = (
			);
			inputPaths = (
			);
			name = "[CP] Copy Pods Resources";
			outputPaths = (
			);
			runOnlyForDeploymentPostprocessing = 0;
			shellPath = /bin/sh;
			shellScript = "\"${SRCROOT}/Pods/Target Support Files/Pods-IndoorLocation/Pods-IndoorLocation-resources.sh\"\n";
			showEnvVarsInLog = 0;
		};
		48702ECBBB657E3C0EBF94B1 /* [CP] Embed Pods Frameworks */ = {
			isa = PBXShellScriptBuildPhase;
			buildActionMask = 2147483647;
			files = (
			);
			inputPaths = (
				"${SRCROOT}/Pods/Target Support Files/Pods-IndoorLocation/Pods-IndoorLocation-frameworks.sh",
				"${BUILT_PRODUCTS_DIR}/Embassy/Embassy.framework",
			);
			name = "[CP] Embed Pods Frameworks";
			outputPaths = (
				"${TARGET_BUILD_DIR}/${FRAMEWORKS_FOLDER_PATH}/Embassy.framework",
			);
			runOnlyForDeploymentPostprocessing = 0;
			shellPath = /bin/sh;
			shellScript = "\"${SRCROOT}/Pods/Target Support Files/Pods-IndoorLocation/Pods-IndoorLocation-frameworks.sh\"\n";
			showEnvVarsInLog = 0;
		};
/* End PBXShellScriptBuildPhase section */

/* Begin PBXSourcesBuildPhase section */
		95A1F6161E8BB5C700D2CDD2 /* Sources */ = {
			isa = PBXSourcesBuildPhase;
			buildActionMask = 2147483647;
			files = (
				95A19DFF1EDD724C004BC415 /* ButtonTableViewCell.swift in Sources */,
				9595405B1F04F3DF0095755D /* TrajectoryView.swift in Sources */,
				95A1F6201E8BB5C700D2CDD2 /* MapViewController.swift in Sources */,
				95E3DCBB1E9D2F0E006D6C08 /* FilterSettings.swift in Sources */,
				95BC59AE1F28A35000519C23 /* VectorView.swift in Sources */,
				95E3DCC81EA103A5006D6C08 /* IndoorLocationManager.swift in Sources */,
				956227CA1E965F2700288A1A /* ParticleFilter.swift in Sources */,
				95570C781EDD7E7000F15E30 /* AnchorTableViewCell.swift in Sources */,
				95C3C1AE1ECC3C5100704437 /* KalmanFilter.swift in Sources */,
				959540591F04EBFC0095755D /* EllipseView.swift in Sources */,
				954B55F11EF0251C00AE923F /* IndoorMapView.swift in Sources */,
				950769641E8D3F0400233FF8 /* Utilities.swift in Sources */,
				95A19DF91EDC4080004BC415 /* SegmentedControlTableViewCell.swift in Sources */,
				95A19DF71EDC3A81004BC415 /* SettingsTableViewController.swift in Sources */,
				959FD16D1F1FA6FA00BFC2DE /* SwitchTableViewCell.swift in Sources */,
				95E3DCC31EA0E014006D6C08 /* NetworkManager.swift in Sources */,
				95A1F61E1E8BB5C700D2CDD2 /* AppDelegate.swift in Sources */,
				95BDB2FD1F1CF14900EF2BC9 /* Particle.swift in Sources */,
				95A19DFB1EDC4889004BC415 /* SliderTableViewCell.swift in Sources */,
				95E3DCCA1EA10817006D6C08 /* BayesianFilter.swift in Sources */,
				953AFC2F1F026C5B00FAD3D8 /* PointView.swift in Sources */,
			);
			runOnlyForDeploymentPostprocessing = 0;
		};
		95A1F62A1E8BB5C800D2CDD2 /* Sources */ = {
			isa = PBXSourcesBuildPhase;
			buildActionMask = 2147483647;
			files = (
				95A1F6331E8BB5C800D2CDD2 /* IndoorLocationTests.swift in Sources */,
			);
			runOnlyForDeploymentPostprocessing = 0;
		};
		95A1F6351E8BB5C800D2CDD2 /* Sources */ = {
			isa = PBXSourcesBuildPhase;
			buildActionMask = 2147483647;
			files = (
				95A1F63E1E8BB5C800D2CDD2 /* IndoorLocationUITests.swift in Sources */,
			);
			runOnlyForDeploymentPostprocessing = 0;
		};
/* End PBXSourcesBuildPhase section */

/* Begin PBXTargetDependency section */
		95A1F6301E8BB5C800D2CDD2 /* PBXTargetDependency */ = {
			isa = PBXTargetDependency;
			target = 95A1F6191E8BB5C700D2CDD2 /* IndoorLocation */;
			targetProxy = 95A1F62F1E8BB5C800D2CDD2 /* PBXContainerItemProxy */;
		};
		95A1F63B1E8BB5C800D2CDD2 /* PBXTargetDependency */ = {
			isa = PBXTargetDependency;
			target = 95A1F6191E8BB5C700D2CDD2 /* IndoorLocation */;
			targetProxy = 95A1F63A1E8BB5C800D2CDD2 /* PBXContainerItemProxy */;
		};
/* End PBXTargetDependency section */

/* Begin XCBuildConfiguration section */
		95A1F6401E8BB5C800D2CDD2 /* Debug */ = {
			isa = XCBuildConfiguration;
			buildSettings = {
				ALWAYS_SEARCH_USER_PATHS = NO;
				CLANG_ANALYZER_NONNULL = YES;
				CLANG_CXX_LANGUAGE_STANDARD = "gnu++0x";
				CLANG_CXX_LIBRARY = "libc++";
				CLANG_ENABLE_MODULES = YES;
				CLANG_ENABLE_OBJC_ARC = YES;
				CLANG_WARN_BLOCK_CAPTURE_AUTORELEASING = YES;
				CLANG_WARN_BOOL_CONVERSION = YES;
				CLANG_WARN_COMMA = YES;
				CLANG_WARN_CONSTANT_CONVERSION = YES;
				CLANG_WARN_DIRECT_OBJC_ISA_USAGE = YES_ERROR;
				CLANG_WARN_DOCUMENTATION_COMMENTS = YES;
				CLANG_WARN_EMPTY_BODY = YES;
				CLANG_WARN_ENUM_CONVERSION = YES;
				CLANG_WARN_INFINITE_RECURSION = YES;
				CLANG_WARN_INT_CONVERSION = YES;
				CLANG_WARN_NON_LITERAL_NULL_CONVERSION = YES;
				CLANG_WARN_OBJC_LITERAL_CONVERSION = YES;
				CLANG_WARN_OBJC_ROOT_CLASS = YES_ERROR;
				CLANG_WARN_RANGE_LOOP_ANALYSIS = YES;
				CLANG_WARN_STRICT_PROTOTYPES = YES;
				CLANG_WARN_SUSPICIOUS_MOVE = YES;
				CLANG_WARN_UNREACHABLE_CODE = YES;
				CLANG_WARN__DUPLICATE_METHOD_MATCH = YES;
				"CODE_SIGN_IDENTITY[sdk=iphoneos*]" = "iPhone Developer";
				COPY_PHASE_STRIP = NO;
				DEBUG_INFORMATION_FORMAT = dwarf;
				ENABLE_STRICT_OBJC_MSGSEND = YES;
				ENABLE_TESTABILITY = YES;
				GCC_C_LANGUAGE_STANDARD = gnu99;
				GCC_DYNAMIC_NO_PIC = NO;
				GCC_NO_COMMON_BLOCKS = YES;
				GCC_OPTIMIZATION_LEVEL = 0;
				GCC_PREPROCESSOR_DEFINITIONS = (
					"DEBUG=1",
					"$(inherited)",
				);
				GCC_WARN_64_TO_32_BIT_CONVERSION = YES;
				GCC_WARN_ABOUT_RETURN_TYPE = YES_ERROR;
				GCC_WARN_UNDECLARED_SELECTOR = YES;
				GCC_WARN_UNINITIALIZED_AUTOS = YES_AGGRESSIVE;
				GCC_WARN_UNUSED_FUNCTION = YES;
				GCC_WARN_UNUSED_VARIABLE = YES;
				IPHONEOS_DEPLOYMENT_TARGET = 10.2;
				MTL_ENABLE_DEBUG_INFO = YES;
				ONLY_ACTIVE_ARCH = YES;
				SDKROOT = iphoneos;
				SWIFT_ACTIVE_COMPILATION_CONDITIONS = DEBUG;
				SWIFT_OPTIMIZATION_LEVEL = "-Onone";
				TARGETED_DEVICE_FAMILY = "1,2";
			};
			name = Debug;
		};
		95A1F6411E8BB5C800D2CDD2 /* Release */ = {
			isa = XCBuildConfiguration;
			buildSettings = {
				ALWAYS_SEARCH_USER_PATHS = NO;
				CLANG_ANALYZER_NONNULL = YES;
				CLANG_CXX_LANGUAGE_STANDARD = "gnu++0x";
				CLANG_CXX_LIBRARY = "libc++";
				CLANG_ENABLE_MODULES = YES;
				CLANG_ENABLE_OBJC_ARC = YES;
				CLANG_WARN_BLOCK_CAPTURE_AUTORELEASING = YES;
				CLANG_WARN_BOOL_CONVERSION = YES;
				CLANG_WARN_COMMA = YES;
				CLANG_WARN_CONSTANT_CONVERSION = YES;
				CLANG_WARN_DIRECT_OBJC_ISA_USAGE = YES_ERROR;
				CLANG_WARN_DOCUMENTATION_COMMENTS = YES;
				CLANG_WARN_EMPTY_BODY = YES;
				CLANG_WARN_ENUM_CONVERSION = YES;
				CLANG_WARN_INFINITE_RECURSION = YES;
				CLANG_WARN_INT_CONVERSION = YES;
				CLANG_WARN_NON_LITERAL_NULL_CONVERSION = YES;
				CLANG_WARN_OBJC_LITERAL_CONVERSION = YES;
				CLANG_WARN_OBJC_ROOT_CLASS = YES_ERROR;
				CLANG_WARN_RANGE_LOOP_ANALYSIS = YES;
				CLANG_WARN_STRICT_PROTOTYPES = YES;
				CLANG_WARN_SUSPICIOUS_MOVE = YES;
				CLANG_WARN_UNREACHABLE_CODE = YES;
				CLANG_WARN__DUPLICATE_METHOD_MATCH = YES;
				"CODE_SIGN_IDENTITY[sdk=iphoneos*]" = "iPhone Developer";
				COPY_PHASE_STRIP = NO;
				DEBUG_INFORMATION_FORMAT = "dwarf-with-dsym";
				ENABLE_NS_ASSERTIONS = NO;
				ENABLE_STRICT_OBJC_MSGSEND = YES;
				GCC_C_LANGUAGE_STANDARD = gnu99;
				GCC_NO_COMMON_BLOCKS = YES;
				GCC_WARN_64_TO_32_BIT_CONVERSION = YES;
				GCC_WARN_ABOUT_RETURN_TYPE = YES_ERROR;
				GCC_WARN_UNDECLARED_SELECTOR = YES;
				GCC_WARN_UNINITIALIZED_AUTOS = YES_AGGRESSIVE;
				GCC_WARN_UNUSED_FUNCTION = YES;
				GCC_WARN_UNUSED_VARIABLE = YES;
				IPHONEOS_DEPLOYMENT_TARGET = 10.2;
				MTL_ENABLE_DEBUG_INFO = NO;
				SDKROOT = iphoneos;
				SWIFT_OPTIMIZATION_LEVEL = "-Owholemodule";
				TARGETED_DEVICE_FAMILY = "1,2";
				VALIDATE_PRODUCT = YES;
			};
			name = Release;
		};
		95A1F6431E8BB5C800D2CDD2 /* Debug */ = {
			isa = XCBuildConfiguration;
			baseConfigurationReference = 43D0588909E4EB6D4B2293BA /* Pods-IndoorLocation.debug.xcconfig */;
			buildSettings = {
				ASSETCATALOG_COMPILER_APPICON_NAME = AppIcon;
				"CODE_SIGN_IDENTITY[sdk=iphoneos*]" = "iPhone Developer";
				DEVELOPMENT_TEAM = 4HG5879524;
				INFOPLIST_FILE = "$(SRCROOT)/IndoorLocation/Supporting Files/Info.plist";
				IPHONEOS_DEPLOYMENT_TARGET = 10.0;
				LD_RUNPATH_SEARCH_PATHS = "$(inherited) @executable_path/Frameworks";
				PRODUCT_BUNDLE_IDENTIFIER = Hirschgaenger.IndoorLocation;
				PRODUCT_NAME = "$(TARGET_NAME)";
				PROVISIONING_PROFILE_SPECIFIER = "";
				SWIFT_SWIFT3_OBJC_INFERENCE = On;
				SWIFT_VERSION = 3.0;
			};
			name = Debug;
		};
		95A1F6441E8BB5C800D2CDD2 /* Release */ = {
			isa = XCBuildConfiguration;
			baseConfigurationReference = B931549E1B39047972B00CF5 /* Pods-IndoorLocation.release.xcconfig */;
			buildSettings = {
				ASSETCATALOG_COMPILER_APPICON_NAME = AppIcon;
				"CODE_SIGN_IDENTITY[sdk=iphoneos*]" = "iPhone Developer";
				DEVELOPMENT_TEAM = 4HG5879524;
				INFOPLIST_FILE = "$(SRCROOT)/IndoorLocation/Supporting Files/Info.plist";
				IPHONEOS_DEPLOYMENT_TARGET = 10.0;
				LD_RUNPATH_SEARCH_PATHS = "$(inherited) @executable_path/Frameworks";
				PRODUCT_BUNDLE_IDENTIFIER = Hirschgaenger.IndoorLocation;
				PRODUCT_NAME = "$(TARGET_NAME)";
				PROVISIONING_PROFILE_SPECIFIER = "";
				SWIFT_SWIFT3_OBJC_INFERENCE = On;
				SWIFT_VERSION = 3.0;
			};
			name = Release;
		};
		95A1F6461E8BB5C800D2CDD2 /* Debug */ = {
			isa = XCBuildConfiguration;
			buildSettings = {
				ALWAYS_EMBED_SWIFT_STANDARD_LIBRARIES = YES;
				BUNDLE_LOADER = "$(TEST_HOST)";
				INFOPLIST_FILE = IndoorLocationTests/Info.plist;
				LD_RUNPATH_SEARCH_PATHS = "$(inherited) @executable_path/Frameworks @loader_path/Frameworks";
				PRODUCT_BUNDLE_IDENTIFIER = Hirschgaenger.IndoorLocationTests;
				PRODUCT_NAME = "$(TARGET_NAME)";
				SWIFT_SWIFT3_OBJC_INFERENCE = On;
				SWIFT_VERSION = 3.0;
				TEST_HOST = "$(BUILT_PRODUCTS_DIR)/IndoorLocation.app/IndoorLocation";
			};
			name = Debug;
		};
		95A1F6471E8BB5C800D2CDD2 /* Release */ = {
			isa = XCBuildConfiguration;
			buildSettings = {
				ALWAYS_EMBED_SWIFT_STANDARD_LIBRARIES = YES;
				BUNDLE_LOADER = "$(TEST_HOST)";
				INFOPLIST_FILE = IndoorLocationTests/Info.plist;
				LD_RUNPATH_SEARCH_PATHS = "$(inherited) @executable_path/Frameworks @loader_path/Frameworks";
				PRODUCT_BUNDLE_IDENTIFIER = Hirschgaenger.IndoorLocationTests;
				PRODUCT_NAME = "$(TARGET_NAME)";
				SWIFT_SWIFT3_OBJC_INFERENCE = On;
				SWIFT_VERSION = 3.0;
				TEST_HOST = "$(BUILT_PRODUCTS_DIR)/IndoorLocation.app/IndoorLocation";
			};
			name = Release;
		};
		95A1F6491E8BB5C800D2CDD2 /* Debug */ = {
			isa = XCBuildConfiguration;
			buildSettings = {
				ALWAYS_EMBED_SWIFT_STANDARD_LIBRARIES = YES;
				INFOPLIST_FILE = IndoorLocationUITests/Info.plist;
				LD_RUNPATH_SEARCH_PATHS = "$(inherited) @executable_path/Frameworks @loader_path/Frameworks";
				PRODUCT_BUNDLE_IDENTIFIER = Hirschgaenger.IndoorLocationUITests;
				PRODUCT_NAME = "$(TARGET_NAME)";
				SWIFT_SWIFT3_OBJC_INFERENCE = On;
				SWIFT_VERSION = 3.0;
				TEST_TARGET_NAME = IndoorLocation;
			};
			name = Debug;
		};
		95A1F64A1E8BB5C800D2CDD2 /* Release */ = {
			isa = XCBuildConfiguration;
			buildSettings = {
				ALWAYS_EMBED_SWIFT_STANDARD_LIBRARIES = YES;
				INFOPLIST_FILE = IndoorLocationUITests/Info.plist;
				LD_RUNPATH_SEARCH_PATHS = "$(inherited) @executable_path/Frameworks @loader_path/Frameworks";
				PRODUCT_BUNDLE_IDENTIFIER = Hirschgaenger.IndoorLocationUITests;
				PRODUCT_NAME = "$(TARGET_NAME)";
				SWIFT_SWIFT3_OBJC_INFERENCE = On;
				SWIFT_VERSION = 3.0;
				TEST_TARGET_NAME = IndoorLocation;
			};
			name = Release;
		};
/* End XCBuildConfiguration section */

/* Begin XCConfigurationList section */
		95A1F6151E8BB5C700D2CDD2 /* Build configuration list for PBXProject "IndoorLocation" */ = {
			isa = XCConfigurationList;
			buildConfigurations = (
				95A1F6401E8BB5C800D2CDD2 /* Debug */,
				95A1F6411E8BB5C800D2CDD2 /* Release */,
			);
			defaultConfigurationIsVisible = 0;
			defaultConfigurationName = Release;
		};
		95A1F6421E8BB5C800D2CDD2 /* Build configuration list for PBXNativeTarget "IndoorLocation" */ = {
			isa = XCConfigurationList;
			buildConfigurations = (
				95A1F6431E8BB5C800D2CDD2 /* Debug */,
				95A1F6441E8BB5C800D2CDD2 /* Release */,
			);
			defaultConfigurationIsVisible = 0;
			defaultConfigurationName = Release;
		};
		95A1F6451E8BB5C800D2CDD2 /* Build configuration list for PBXNativeTarget "IndoorLocationTests" */ = {
			isa = XCConfigurationList;
			buildConfigurations = (
				95A1F6461E8BB5C800D2CDD2 /* Debug */,
				95A1F6471E8BB5C800D2CDD2 /* Release */,
			);
			defaultConfigurationIsVisible = 0;
			defaultConfigurationName = Release;
		};
		95A1F6481E8BB5C800D2CDD2 /* Build configuration list for PBXNativeTarget "IndoorLocationUITests" */ = {
			isa = XCConfigurationList;
			buildConfigurations = (
				95A1F6491E8BB5C800D2CDD2 /* Debug */,
				95A1F64A1E8BB5C800D2CDD2 /* Release */,
			);
			defaultConfigurationIsVisible = 0;
			defaultConfigurationName = Release;
		};
/* End XCConfigurationList section */
	};
	rootObject = 95A1F6121E8BB5C700D2CDD2 /* Project object */;
}
